
Microsoft Visual Studio Solution File, Format Version 12.00
# Visual Studio Version 17
VisualStudioVersion = 17.0.31903.59
MinimumVisualStudioVersion = 10.0.40219.1
Project("{FAE04EC0-301F-11D3-BF4B-00C04F79EFBC}") = "Artha.Backend.Gateway", "Artha.Backend.Gateway\Artha.Backend.Gateway.csproj", "{C03383EA-F0EE-4883-9A20-D10FC58D0659}"
EndProject
Global
	GlobalSection(SolutionConfigurationPlatforms) = preSolution
		Debug|Any CPU = Debug|Any CPU
		Debug|x64 = Debug|x64
		Debug|x86 = Debug|x86
		Release|Any CPU = Release|Any CPU
		Release|x64 = Release|x64
		Release|x86 = Release|x86
	EndGlobalSection
	GlobalSection(ProjectConfigurationPlatforms) = postSolution
		{C03383EA-F0EE-4883-9A20-D10FC58D0659}.Debug|Any CPU.ActiveCfg = Debug|Any CPU
		{C03383EA-F0EE-4883-9A20-D10FC58D0659}.Debug|Any CPU.Build.0 = Debug|Any CPU
		{C03383EA-F0EE-4883-9A20-D10FC58D0659}.Debug|x64.ActiveCfg = Debug|Any CPU
		{C03383EA-F0EE-4883-9A20-D10FC58D0659}.Debug|x64.Build.0 = Debug|Any CPU
		{C03383EA-F0EE-4883-9A20-D10FC58D0659}.Debug|x86.ActiveCfg = Debug|Any CPU
		{C03383EA-F0EE-4883-9A20-D10FC58D0659}.Debug|x86.Build.0 = Debug|Any CPU
		{C03383EA-F0EE-4883-9A20-D10FC58D0659}.Release|Any CPU.ActiveCfg = Release|Any CPU
		{C03383EA-F0EE-4883-9A20-D10FC58D0659}.Release|Any CPU.Build.0 = Release|Any CPU
		{C03383EA-F0EE-4883-9A20-D10FC58D0659}.Release|x64.ActiveCfg = Release|Any CPU
		{C03383EA-F0EE-4883-9A20-D10FC58D0659}.Release|x64.Build.0 = Release|Any CPU
		{C03383EA-F0EE-4883-9A20-D10FC58D0659}.Release|x86.ActiveCfg = Release|Any CPU
		{C03383EA-F0EE-4883-9A20-D10FC58D0659}.Release|x86.Build.0 = Release|Any CPU
	EndGlobalSection
	GlobalSection(SolutionProperties) = preSolution
		HideSolutionNode = FALSE
	EndGlobalSection
	GlobalSection(ExtensibilityGlobals) = postSolution
		SolutionGuid = {BE6ED2E6-A85A-4458-9583-33EDA81EA876}
	EndGlobalSection
EndGlobal
